
Microsoft Visual Studio Solution File, Format Version 12.00
# Visual Studio Version 17
VisualStudioVersion = 17.0.31903.59
MinimumVisualStudioVersion = 10.0.40219.1
Project("{FAE04EC0-301F-11D3-BF4B-00C04F79EFBC}") = "SimpleAi", "SimpleAi\SimpleAi.csproj", "{C42A70EB-28A1-44A9-A964-4530798B66F9}"
EndProject
Project("{FAE04EC0-301F-11D3-BF4B-00C04F79EFBC}") = "SimpleAi.Benchmarks", "SimpleAi.Benchmarks\SimpleAi.Benchmarks.csproj", "{FA7F30D1-98DE-4F6D-BEE2-53836AB08F66}"
EndProject
Project("{FAE04EC0-301F-11D3-BF4B-00C04F79EFBC}") = "SimpleAi.Tests", "SimpleAi.Tests\SimpleAi.Tests.csproj", "{75489255-EBA2-4FF1-9275-944D4EA0175F}"
EndProject
Project("{2150E333-8FDC-42A3-9474-1A3956D46DE8}") = "Solution Items", "Solution Items", "{8EC462FD-D22E-90A8-E5CE-7E832BA40C5D}"
EndProject
Global
	GlobalSection(SolutionConfigurationPlatforms) = preSolution
		Debug|Any CPU = Debug|Any CPU
		Release|Any CPU = Release|Any CPU
	EndGlobalSection
	GlobalSection(ProjectConfigurationPlatforms) = postSolution
		{C42A70EB-28A1-44A9-A964-4530798B66F9}.Debug|Any CPU.ActiveCfg = Debug|Any CPU
		{C42A70EB-28A1-44A9-A964-4530798B66F9}.Debug|Any CPU.Build.0 = Debug|Any CPU
		{C42A70EB-28A1-44A9-A964-4530798B66F9}.Release|Any CPU.ActiveCfg = Release|Any CPU
		{C42A70EB-28A1-44A9-A964-4530798B66F9}.Release|Any CPU.Build.0 = Release|Any CPU
		{FA7F30D1-98DE-4F6D-BEE2-53836AB08F66}.Debug|Any CPU.ActiveCfg = Debug|Any CPU
		{FA7F30D1-98DE-4F6D-BEE2-53836AB08F66}.Debug|Any CPU.Build.0 = Debug|Any CPU
		{FA7F30D1-98DE-4F6D-BEE2-53836AB08F66}.Release|Any CPU.ActiveCfg = Release|Any CPU
		{FA7F30D1-98DE-4F6D-BEE2-53836AB08F66}.Release|Any CPU.Build.0 = Release|Any CPU
		{75489255-EBA2-4FF1-9275-944D4EA0175F}.Debug|Any CPU.ActiveCfg = Debug|Any CPU
		{75489255-EBA2-4FF1-9275-944D4EA0175F}.Debug|Any CPU.Build.0 = Debug|Any CPU
		{75489255-EBA2-4FF1-9275-944D4EA0175F}.Release|Any CPU.ActiveCfg = Release|Any CPU
		{75489255-EBA2-4FF1-9275-944D4EA0175F}.Release|Any CPU.Build.0 = Release|Any CPU
	EndGlobalSection
	GlobalSection(SolutionProperties) = preSolution
		HideSolutionNode = FALSE
	EndGlobalSection
	GlobalSection(ExtensibilityGlobals) = postSolution
		SolutionGuid = {90244016-E102-4EC2-8B30-7A6B7F3C9841}
	EndGlobalSection
EndGlobal
